PODS:
  - AFNetworking (3.1.0):
    - AFNetworking/NSURLSession (= 3.1.0)
    - AFNetworking/Reachability (= 3.1.0)
    - AFNetworking/Security (= 3.1.0)
    - AFNetworking/Serialization (= 3.1.0)
    - AFNetworking/UIKit (= 3.1.0)
  - AFNetworking/NSURLSession (3.1.0):
    - AFNetworking/Reachability
    - AFNetworking/Security
    - AFNetworking/Serialization
  - AFNetworking/Reachability (3.1.0)
  - AFNetworking/Security (3.1.0)
  - AFNetworking/Serialization (3.1.0)
  - AFNetworking/UIKit (3.1.0):
    - AFNetworking/NSURLSession
  - Masonry (1.0.1)
  - MBProgressHUD (0.9.1)

DEPENDENCIES:
  - AFNetworking
  - Masonry
  - MBProgressHUD (from `https://github.com/iException/MBProgressHUD.git`)

EXTERNAL SOURCES:
  MBProgressHUD:
    :git: https://github.com/iException/MBProgressHUD.git

CHECKOUT OPTIONS:
  MBProgressHUD:
    :commit: 6fa9cdd6d7b8d4a20865cfc442d66ed13a76bf47
    :git: https://github.com/iException/MBProgressHUD.git

SPEC CHECKSUMS:
  AFNetworking: 5e0e199f73d8626b11e79750991f5d173d1f8b67
  Masonry: a1a931a0d08870ed8ae415a2ea5ea68ebcac77df
  MBProgressHUD: c34da5f231d7c38b8bc9d2cb08f81509d0bea7b0

PODFILE CHECKSUM: b4975db24cc19730f9f4624fd593bf4d8542bb8b

COCOAPODS: 1.0.1
