// !$*UTF8*$!
{
	archiveVersion = 1;
	classes = {
	};
	objectVersion = 46;
	objects = {

/* Begin PBXBuildFile section */
		756C85971DBBA0720063B81F /* DPUser.m in Sources */ = {isa = PBXBuildFile; fileRef = 756C85961DBBA0720063B81F /* DPUser.m */; };
		756C859C1DBBA2550063B81F /* DPLoginController.m in Sources */ = {isa = PBXBuildFile; fileRef = 756C859B1DBBA2550063B81F /* DPLoginController.m */; };
		756C85A11DBBA4D20063B81F /* DPLeftTitleRightTextFieldTableViewCell.m in Sources */ = {isa = PBXBuildFile; fileRef = 756C85A01DBBA4D20063B81F /* DPLeftTitleRightTextFieldTableViewCell.m */; };
		75AA79D51DBC54660029A3F6 /* DPHttpSessionManager.m in Sources */ = {isa = PBXBuildFile; fileRef = 75AA79D41DBC54660029A3F6 /* DPHttpSessionManager.m */; };
		75AA79DB1DBC8D550029A3F6 /* MBProgressHUD+DPProgressHUD.m in Sources */ = {isa = PBXBuildFile; fileRef = 75AA79DA1DBC8D550029A3F6 /* MBProgressHUD+DPProgressHUD.m */; };
		75AA79DE1DBC8E030029A3F6 /* UIWindow+MainWindow.m in Sources */ = {isa = PBXBuildFile; fileRef = 75AA79DD1DBC8E030029A3F6 /* UIWindow+MainWindow.m */; };
		75AA79E11DBC8E670029A3F6 /* DPActivityIndicatorView.m in Sources */ = {isa = PBXBuildFile; fileRef = 75AA79E01DBC8E670029A3F6 /* DPActivityIndicatorView.m */; };
		75AA79E41DBC90410029A3F6 /* DPApiUrls.h in Sources */ = {isa = PBXBuildFile; fileRef = 75AA79E31DBC90410029A3F6 /* DPApiUrls.h */; };
		75AA79E71DBC9BA60029A3F6 /* DPUserApi.m in Sources */ = {isa = PBXBuildFile; fileRef = 75AA79E61DBC9BA60029A3F6 /* DPUserApi.m */; };
		75AA79EA1DBCBAD60029A3F6 /* NSObject+DPTypeCheck.m in Sources */ = {isa = PBXBuildFile; fileRef = 75AA79E91DBCBAD60029A3F6 /* NSObject+DPTypeCheck.m */; };
		75AA79ED1DBCBB840029A3F6 /* NSObject+DPOperation.m in Sources */ = {isa = PBXBuildFile; fileRef = 75AA79EC1DBCBB840029A3F6 /* NSObject+DPOperation.m */; };
		75AA79F01DBCC8B70029A3F6 /* DPRegisterController.m in Sources */ = {isa = PBXBuildFile; fileRef = 75AA79EF1DBCC8B70029A3F6 /* DPRegisterController.m */; };
		75AA79F61DBCC8E50029A3F6 /* DPUserInfoController.m in Sources */ = {isa = PBXBuildFile; fileRef = 75AA79F51DBCC8E50029A3F6 /* DPUserInfoController.m */; };
		75AA79FA1DBCC9CD0029A3F6 /* DPSearchPackageController.m in Sources */ = {isa = PBXBuildFile; fileRef = 75AA79F91DBCC9CD0029A3F6 /* DPSearchPackageController.m */; };
		75AA7A011DBCD6970029A3F6 /* DPLeftTextFieldRightCustomButtonTableViewCell.m in Sources */ = {isa = PBXBuildFile; fileRef = 75AA7A001DBCD6970029A3F6 /* DPLeftTextFieldRightCustomButtonTableViewCell.m */; };
		75AA7A051DBCEE8D0029A3F6 /* DPUserManager.m in Sources */ = {isa = PBXBuildFile; fileRef = 75AA7A041DBCEE8D0029A3F6 /* DPUserManager.m */; };
		75AA7A0B1DBD9D830029A3F6 /* DPSubwayPickerController.m in Sources */ = {isa = PBXBuildFile; fileRef = 75AA7A0A1DBD9D830029A3F6 /* DPSubwayPickerController.m */; };
		75AA7A0E1DBDD20B0029A3F6 /* DPPackageApi.m in Sources */ = {isa = PBXBuildFile; fileRef = 75AA7A0D1DBDD20B0029A3F6 /* DPPackageApi.m */; };
		75AA7A111DBDDB900029A3F6 /* DPPackage.m in Sources */ = {isa = PBXBuildFile; fileRef = 75AA7A101DBDDB900029A3F6 /* DPPackage.m */; };
		75AA7A141DBDE1A60029A3F6 /* DPOrder.m in Sources */ = {isa = PBXBuildFile; fileRef = 75AA7A131DBDE1A60029A3F6 /* DPOrder.m */; };
		75AA7A171DBDE2630029A3F6 /* DPSearchPackageResultController.m in Sources */ = {isa = PBXBuildFile; fileRef = 75AA7A161DBDE2630029A3F6 /* DPSearchPackageResultController.m */; };
		75AA7A1A1DBDE2A40029A3F6 /* DPShowPackageTableViewCell.m in Sources */ = {isa = PBXBuildFile; fileRef = 75AA7A191DBDE2A40029A3F6 /* DPShowPackageTableViewCell.m */; };
		75AA7A1D1DBDF9A40029A3F6 /* DPOrderApi.m in Sources */ = {isa = PBXBuildFile; fileRef = 75AA7A1C1DBDF9A40029A3F6 /* DPOrderApi.m */; };
		75AA7A201DBDFD850029A3F6 /* DPShowOrderTableViewCell.m in Sources */ = {isa = PBXBuildFile; fileRef = 75AA7A1F1DBDFD850029A3F6 /* DPShowOrderTableViewCell.m */; };
		75AA7A231DBE05520029A3F6 /* DPShowOrderController.m in Sources */ = {isa = PBXBuildFile; fileRef = 75AA7A221DBE05520029A3F6 /* DPShowOrderController.m */; };
		75AA7A261DBE0DF20029A3F6 /* DPShowOrderQRImageController.m in Sources */ = {isa = PBXBuildFile; fileRef = 75AA7A251DBE0DF20029A3F6 /* DPShowOrderQRImageController.m */; };
		75DE08F01DBB9A0A000F4208 /* main.m in Sources */ = {isa = PBXBuildFile; fileRef = 75DE08EF1DBB9A0A000F4208 /* main.m */; };
		75DE08F31DBB9A0A000F4208 /* AppDelegate.m in Sources */ = {isa = PBXBuildFile; fileRef = 75DE08F21DBB9A0A000F4208 /* AppDelegate.m */; };
		75DE08FB1DBB9A0A000F4208 /* Assets.xcassets in Resources */ = {isa = PBXBuildFile; fileRef = 75DE08FA1DBB9A0A000F4208 /* Assets.xcassets */; };
		75DE09091DBB9A0A000F4208 /* DeliveryProjectTests.m in Sources */ = {isa = PBXBuildFile; fileRef = 75DE09081DBB9A0A000F4208 /* DeliveryProjectTests.m */; };
		75DE09141DBB9A0A000F4208 /* DeliveryProjectUITests.m in Sources */ = {isa = PBXBuildFile; fileRef = 75DE09131DBB9A0A000F4208 /* DeliveryProjectUITests.m */; };
		75DE09231DBB9D0E000F4208 /* DPTabBarController.m in Sources */ = {isa = PBXBuildFile; fileRef = 75DE09221DBB9D0E000F4208 /* DPTabBarController.m */; };
		75FB1C491DBC478B00485854 /* UIColor+DPTheme.m in Sources */ = {isa = PBXBuildFile; fileRef = 75FB1C461DBC478B00485854 /* UIColor+DPTheme.m */; };
		75FB1C4A1DBC478B00485854 /* UIFont+DPTheme.m in Sources */ = {isa = PBXBuildFile; fileRef = 75FB1C481DBC478B00485854 /* UIFont+DPTheme.m */; };
		8867595229D0C30D7BD6737D /* Pods_DeliveryProject.framework in Frameworks */ = {isa = PBXBuildFile; fileRef = 9DE7ECA1E74F23C4BB8F84DA /* Pods_DeliveryProject.framework */; };
/* End PBXBuildFile section */

/* Begin PBXContainerItemProxy section */
		75DE09051DBB9A0A000F4208 /* PBXContainerItemProxy */ = {
			isa = PBXContainerItemProxy;
			containerPortal = 75DE08E31DBB9A0A000F4208 /* Project object */;
			proxyType = 1;
			remoteGlobalIDString = 75DE08EA1DBB9A0A000F4208;
			remoteInfo = DeliveryProject;
		};
		75DE09101DBB9A0A000F4208 /* PBXContainerItemProxy */ = {
			isa = PBXContainerItemProxy;
			containerPortal = 75DE08E31DBB9A0A000F4208 /* Project object */;
			proxyType = 1;
			remoteGlobalIDString = 75DE08EA1DBB9A0A000F4208;
			remoteInfo = DeliveryProject;
		};
/* End PBXContainerItemProxy section */

/* Begin PBXFileReference section */
		756C85951DBBA0720063B81F /* DPUser.h */ = {isa = PBXFileReference; fileEncoding = 4; lastKnownFileType = sourcecode.c.h; path = DPUser.h; sourceTree = "<group>"; };
		756C85961DBBA0720063B81F /* DPUser.m */ = {isa = PBXFileReference; fileEncoding = 4; lastKnownFileType = sourcecode.c.objc; path = DPUser.m; sourceTree = "<group>"; };
		756C859A1DBBA2550063B81F /* DPLoginController.h */ = {isa = PBXFileReference; fileEncoding = 4; lastKnownFileType = sourcecode.c.h; path = DPLoginController.h; sourceTree = "<group>"; };
		756C859B1DBBA2550063B81F /* DPLoginController.m */ = {isa = PBXFileReference; fileEncoding = 4; lastKnownFileType = sourcecode.c.objc; path = DPLoginController.m; sourceTree = "<group>"; };
		756C859F1DBBA4D20063B81F /* DPLeftTitleRightTextFieldTableViewCell.h */ = {isa = PBXFileReference; fileEncoding = 4; lastKnownFileType = sourcecode.c.h; path = DPLeftTitleRightTextFieldTableViewCell.h; sourceTree = "<group>"; };
		756C85A01DBBA4D20063B81F /* DPLeftTitleRightTextFieldTableViewCell.m */ = {isa = PBXFileReference; fileEncoding = 4; lastKnownFileType = sourcecode.c.objc; path = DPLeftTitleRightTextFieldTableViewCell.m; sourceTree = "<group>"; };
		75AA79D31DBC54660029A3F6 /* DPHttpSessionManager.h */ = {isa = PBXFileReference; fileEncoding = 4; lastKnownFileType = sourcecode.c.h; path = DPHttpSessionManager.h; sourceTree = "<group>"; };
		75AA79D41DBC54660029A3F6 /* DPHttpSessionManager.m */ = {isa = PBXFileReference; fileEncoding = 4; lastKnownFileType = sourcecode.c.objc; path = DPHttpSessionManager.m; sourceTree = "<group>"; };
		75AA79D91DBC8D550029A3F6 /* MBProgressHUD+DPProgressHUD.h */ = {isa = PBXFileReference; fileEncoding = 4; lastKnownFileType = sourcecode.c.h; path = "MBProgressHUD+DPProgressHUD.h"; sourceTree = "<group>"; };
		75AA79DA1DBC8D550029A3F6 /* MBProgressHUD+DPProgressHUD.m */ = {isa = PBXFileReference; fileEncoding = 4; lastKnownFileType = sourcecode.c.objc; path = "MBProgressHUD+DPProgressHUD.m"; sourceTree = "<group>"; };
		75AA79DC1DBC8E030029A3F6 /* UIWindow+MainWindow.h */ = {isa = PBXFileReference; fileEncoding = 4; lastKnownFileType = sourcecode.c.h; path = "UIWindow+MainWindow.h"; sourceTree = "<group>"; };
		75AA79DD1DBC8E030029A3F6 /* UIWindow+MainWindow.m */ = {isa = PBXFileReference; fileEncoding = 4; lastKnownFileType = sourcecode.c.objc; path = "UIWindow+MainWindow.m"; sourceTree = "<group>"; };
		75AA79DF1DBC8E670029A3F6 /* DPActivityIndicatorView.h */ = {isa = PBXFileReference; fileEncoding = 4; lastKnownFileType = sourcecode.c.h; path = DPActivityIndicatorView.h; sourceTree = "<group>"; };
		75AA79E01DBC8E670029A3F6 /* DPActivityIndicatorView.m */ = {isa = PBXFileReference; fileEncoding = 4; lastKnownFileType = sourcecode.c.objc; path = DPActivityIndicatorView.m; sourceTree = "<group>"; };
		75AA79E31DBC90410029A3F6 /* DPApiUrls.h */ = {isa = PBXFileReference; fileEncoding = 4; lastKnownFileType = sourcecode.c.h; path = DPApiUrls.h; sourceTree = "<group>"; };
		75AA79E51DBC9BA60029A3F6 /* DPUserApi.h */ = {isa = PBXFileReference; fileEncoding = 4; lastKnownFileType = sourcecode.c.h; path = DPUserApi.h; sourceTree = "<group>"; };
		75AA79E61DBC9BA60029A3F6 /* DPUserApi.m */ = {isa = PBXFileReference; fileEncoding = 4; lastKnownFileType = sourcecode.c.objc; path = DPUserApi.m; sourceTree = "<group>"; };
		75AA79E81DBCBAD60029A3F6 /* NSObject+DPTypeCheck.h */ = {isa = PBXFileReference; fileEncoding = 4; lastKnownFileType = sourcecode.c.h; path = "NSObject+DPTypeCheck.h"; sourceTree = "<group>"; };
		75AA79E91DBCBAD60029A3F6 /* NSObject+DPTypeCheck.m */ = {isa = PBXFileReference; fileEncoding = 4; lastKnownFileType = sourcecode.c.objc; path = "NSObject+DPTypeCheck.m"; sourceTree = "<group>"; };
		75AA79EB1DBCBB840029A3F6 /* NSObject+DPOperation.h */ = {isa = PBXFileReference; fileEncoding = 4; lastKnownFileType = sourcecode.c.h; path = "NSObject+DPOperation.h"; sourceTree = "<group>"; };
		75AA79EC1DBCBB840029A3F6 /* NSObject+DPOperation.m */ = {isa = PBXFileReference; fileEncoding = 4; lastKnownFileType = sourcecode.c.objc; path = "NSObject+DPOperation.m"; sourceTree = "<group>"; };
		75AA79EE1DBCC8B70029A3F6 /* DPRegisterController.h */ = {isa = PBXFileReference; fileEncoding = 4; lastKnownFileType = sourcecode.c.h; path = DPRegisterController.h; sourceTree = "<group>"; };
		75AA79EF1DBCC8B70029A3F6 /* DPRegisterController.m */ = {isa = PBXFileReference; fileEncoding = 4; lastKnownFileType = sourcecode.c.objc; path = DPRegisterController.m; sourceTree = "<group>"; };
		75AA79F41DBCC8E50029A3F6 /* DPUserInfoController.h */ = {isa = PBXFileReference; fileEncoding = 4; lastKnownFileType = sourcecode.c.h; path = DPUserInfoController.h; sourceTree = "<group>"; };
		75AA79F51DBCC8E50029A3F6 /* DPUserInfoController.m */ = {isa = PBXFileReference; fileEncoding = 4; lastKnownFileType = sourcecode.c.objc; path = DPUserInfoController.m; sourceTree = "<group>"; };
		75AA79F81DBCC9CD0029A3F6 /* DPSearchPackageController.h */ = {isa = PBXFileReference; fileEncoding = 4; lastKnownFileType = sourcecode.c.h; path = DPSearchPackageController.h; sourceTree = "<group>"; };
		75AA79F91DBCC9CD0029A3F6 /* DPSearchPackageController.m */ = {isa = PBXFileReference; fileEncoding = 4; lastKnownFileType = sourcecode.c.objc; path = DPSearchPackageController.m; sourceTree = "<group>"; };
		75AA79FF1DBCD6970029A3F6 /* DPLeftTextFieldRightCustomButtonTableViewCell.h */ = {isa = PBXFileReference; fileEncoding = 4; lastKnownFileType = sourcecode.c.h; path = DPLeftTextFieldRightCustomButtonTableViewCell.h; sourceTree = "<group>"; };
		75AA7A001DBCD6970029A3F6 /* DPLeftTextFieldRightCustomButtonTableViewCell.m */ = {isa = PBXFileReference; fileEncoding = 4; lastKnownFileType = sourcecode.c.objc; path = DPLeftTextFieldRightCustomButtonTableViewCell.m; sourceTree = "<group>"; };
		75AA7A031DBCEE8D0029A3F6 /* DPUserManager.h */ = {isa = PBXFileReference; fileEncoding = 4; lastKnownFileType = sourcecode.c.h; path = DPUserManager.h; sourceTree = "<group>"; };
		75AA7A041DBCEE8D0029A3F6 /* DPUserManager.m */ = {isa = PBXFileReference; fileEncoding = 4; lastKnownFileType = sourcecode.c.objc; path = DPUserManager.m; sourceTree = "<group>"; };
		75AA7A091DBD9D830029A3F6 /* DPSubwayPickerController.h */ = {isa = PBXFileReference; fileEncoding = 4; lastKnownFileType = sourcecode.c.h; path = DPSubwayPickerController.h; sourceTree = "<group>"; };
		75AA7A0A1DBD9D830029A3F6 /* DPSubwayPickerController.m */ = {isa = PBXFileReference; fileEncoding = 4; lastKnownFileType = sourcecode.c.objc; path = DPSubwayPickerController.m; sourceTree = "<group>"; };
		75AA7A0C1DBDD20B0029A3F6 /* DPPackageApi.h */ = {isa = PBXFileReference; fileEncoding = 4; lastKnownFileType = sourcecode.c.h; path = DPPackageApi.h; sourceTree = "<group>"; };
		75AA7A0D1DBDD20B0029A3F6 /* DPPackageApi.m */ = {isa = PBXFileReference; fileEncoding = 4; lastKnownFileType = sourcecode.c.objc; path = DPPackageApi.m; sourceTree = "<group>"; };
		75AA7A0F1DBDDB900029A3F6 /* DPPackage.h */ = {isa = PBXFileReference; fileEncoding = 4; lastKnownFileType = sourcecode.c.h; path = DPPackage.h; sourceTree = "<group>"; };
		75AA7A101DBDDB900029A3F6 /* DPPackage.m */ = {isa = PBXFileReference; fileEncoding = 4; lastKnownFileType = sourcecode.c.objc; path = DPPackage.m; sourceTree = "<group>"; };
		75AA7A121DBDE1A60029A3F6 /* DPOrder.h */ = {isa = PBXFileReference; fileEncoding = 4; lastKnownFileType = sourcecode.c.h; path = DPOrder.h; sourceTree = "<group>"; };
		75AA7A131DBDE1A60029A3F6 /* DPOrder.m */ = {isa = PBXFileReference; fileEncoding = 4; lastKnownFileType = sourcecode.c.objc; path = DPOrder.m; sourceTree = "<group>"; };
		75AA7A151DBDE2630029A3F6 /* DPSearchPackageResultController.h */ = {isa = PBXFileReference; fileEncoding = 4; lastKnownFileType = sourcecode.c.h; path = DPSearchPackageResultController.h; sourceTree = "<group>"; };
		75AA7A161DBDE2630029A3F6 /* DPSearchPackageResultController.m */ = {isa = PBXFileReference; fileEncoding = 4; lastKnownFileType = sourcecode.c.objc; path = DPSearchPackageResultController.m; sourceTree = "<group>"; };
		75AA7A181DBDE2A40029A3F6 /* DPShowPackageTableViewCell.h */ = {isa = PBXFileReference; fileEncoding = 4; lastKnownFileType = sourcecode.c.h; path = DPShowPackageTableViewCell.h; sourceTree = "<group>"; };
		75AA7A191DBDE2A40029A3F6 /* DPShowPackageTableViewCell.m */ = {isa = PBXFileReference; fileEncoding = 4; lastKnownFileType = sourcecode.c.objc; path = DPShowPackageTableViewCell.m; sourceTree = "<group>"; };
		75AA7A1B1DBDF9A40029A3F6 /* DPOrderApi.h */ = {isa = PBXFileReference; fileEncoding = 4; lastKnownFileType = sourcecode.c.h; path = DPOrderApi.h; sourceTree = "<group>"; };
		75AA7A1C1DBDF9A40029A3F6 /* DPOrderApi.m */ = {isa = PBXFileReference; fileEncoding = 4; lastKnownFileType = sourcecode.c.objc; path = DPOrderApi.m; sourceTree = "<group>"; };
		75AA7A1E1DBDFD850029A3F6 /* DPShowOrderTableViewCell.h */ = {isa = PBXFileReference; fileEncoding = 4; lastKnownFileType = sourcecode.c.h; path = DPShowOrderTableViewCell.h; sourceTree = "<group>"; };
		75AA7A1F1DBDFD850029A3F6 /* DPShowOrderTableViewCell.m */ = {isa = PBXFileReference; fileEncoding = 4; lastKnownFileType = sourcecode.c.objc; path = DPShowOrderTableViewCell.m; sourceTree = "<group>"; };
		75AA7A211DBE05520029A3F6 /* DPShowOrderController.h */ = {isa = PBXFileReference; fileEncoding = 4; lastKnownFileType = sourcecode.c.h; path = DPShowOrderController.h; sourceTree = "<group>"; };
		75AA7A221DBE05520029A3F6 /* DPShowOrderController.m */ = {isa = PBXFileReference; fileEncoding = 4; lastKnownFileType = sourcecode.c.objc; path = DPShowOrderController.m; sourceTree = "<group>"; };
		75AA7A241DBE0DF20029A3F6 /* DPShowOrderQRImageController.h */ = {isa = PBXFileReference; fileEncoding = 4; lastKnownFileType = sourcecode.c.h; path = DPShowOrderQRImageController.h; sourceTree = "<group>"; };
		75AA7A251DBE0DF20029A3F6 /* DPShowOrderQRImageController.m */ = {isa = PBXFileReference; fileEncoding = 4; lastKnownFileType = sourcecode.c.objc; path = DPShowOrderQRImageController.m; sourceTree = "<group>"; };
		75DE08EB1DBB9A0A000F4208 /* DeliveryProject.app */ = {isa = PBXFileReference; explicitFileType = wrapper.application; includeInIndex = 0; path = DeliveryProject.app; sourceTree = BUILT_PRODUCTS_DIR; };
		75DE08EF1DBB9A0A000F4208 /* main.m */ = {isa = PBXFileReference; lastKnownFileType = sourcecode.c.objc; path = main.m; sourceTree = "<group>"; };
		75DE08F11DBB9A0A000F4208 /* AppDelegate.h */ = {isa = PBXFileReference; lastKnownFileType = sourcecode.c.h; path = AppDelegate.h; sourceTree = "<group>"; };
		75DE08F21DBB9A0A000F4208 /* AppDelegate.m */ = {isa = PBXFileReference; lastKnownFileType = sourcecode.c.objc; path = AppDelegate.m; sourceTree = "<group>"; };
		75DE08FA1DBB9A0A000F4208 /* Assets.xcassets */ = {isa = PBXFileReference; lastKnownFileType = folder.assetcatalog; path = Assets.xcassets; sourceTree = "<group>"; };
		75DE08FF1DBB9A0A000F4208 /* Info.plist */ = {isa = PBXFileReference; lastKnownFileType = text.plist.xml; path = Info.plist; sourceTree = "<group>"; };
		75DE09041DBB9A0A000F4208 /* DeliveryProjectTests.xctest */ = {isa = PBXFileReference; explicitFileType = wrapper.cfbundle; includeInIndex = 0; path = DeliveryProjectTests.xctest; sourceTree = BUILT_PRODUCTS_DIR; };
		75DE09081DBB9A0A000F4208 /* DeliveryProjectTests.m */ = {isa = PBXFileReference; lastKnownFileType = sourcecode.c.objc; path = DeliveryProjectTests.m; sourceTree = "<group>"; };
		75DE090A1DBB9A0A000F4208 /* Info.plist */ = {isa = PBXFileReference; lastKnownFileType = text.plist.xml; path = Info.plist; sourceTree = "<group>"; };
		75DE090F1DBB9A0A000F4208 /* DeliveryProjectUITests.xctest */ = {isa = PBXFileReference; explicitFileType = wrapper.cfbundle; includeInIndex = 0; path = DeliveryProjectUITests.xctest; sourceTree = BUILT_PRODUCTS_DIR; };
		75DE09131DBB9A0A000F4208 /* DeliveryProjectUITests.m */ = {isa = PBXFileReference; lastKnownFileType = sourcecode.c.objc; path = DeliveryProjectUITests.m; sourceTree = "<group>"; };
		75DE09151DBB9A0A000F4208 /* Info.plist */ = {isa = PBXFileReference; lastKnownFileType = text.plist.xml; path = Info.plist; sourceTree = "<group>"; };
		75DE09211DBB9D0E000F4208 /* DPTabBarController.h */ = {isa = PBXFileReference; fileEncoding = 4; lastKnownFileType = sourcecode.c.h; path = DPTabBarController.h; sourceTree = "<group>"; };
		75DE09221DBB9D0E000F4208 /* DPTabBarController.m */ = {isa = PBXFileReference; fileEncoding = 4; lastKnownFileType = sourcecode.c.objc; path = DPTabBarController.m; sourceTree = "<group>"; };
		75FB1C451DBC478B00485854 /* UIColor+DPTheme.h */ = {isa = PBXFileReference; fileEncoding = 4; lastKnownFileType = sourcecode.c.h; path = "UIColor+DPTheme.h"; sourceTree = "<group>"; };
		75FB1C461DBC478B00485854 /* UIColor+DPTheme.m */ = {isa = PBXFileReference; fileEncoding = 4; lastKnownFileType = sourcecode.c.objc; path = "UIColor+DPTheme.m"; sourceTree = "<group>"; };
		75FB1C471DBC478B00485854 /* UIFont+DPTheme.h */ = {isa = PBXFileReference; fileEncoding = 4; lastKnownFileType = sourcecode.c.h; path = "UIFont+DPTheme.h"; sourceTree = "<group>"; };
		75FB1C481DBC478B00485854 /* UIFont+DPTheme.m */ = {isa = PBXFileReference; fileEncoding = 4; lastKnownFileType = sourcecode.c.objc; path = "UIFont+DPTheme.m"; sourceTree = "<group>"; };
		8508A6DB4AA9652A14EB4BCE /* Pods-DeliveryProject.debug.xcconfig */ = {isa = PBXFileReference; includeInIndex = 1; lastKnownFileType = text.xcconfig; name = "Pods-DeliveryProject.debug.xcconfig"; path = "Pods/Target Support Files/Pods-DeliveryProject/Pods-DeliveryProject.debug.xcconfig"; sourceTree = "<group>"; };
		9DE7ECA1E74F23C4BB8F84DA /* Pods_DeliveryProject.framework */ = {isa = PBXFileReference; explicitFileType = wrapper.framework; includeInIndex = 0; path = Pods_DeliveryProject.framework; sourceTree = BUILT_PRODUCTS_DIR; };
		ABFD48909C24B0E63428EA77 /* Pods-DeliveryProject.release.xcconfig */ = {isa = PBXFileReference; includeInIndex = 1; lastKnownFileType = text.xcconfig; name = "Pods-DeliveryProject.release.xcconfig"; path = "Pods/Target Support Files/Pods-DeliveryProject/Pods-DeliveryProject.release.xcconfig"; sourceTree = "<group>"; };
/* End PBXFileReference section */

/* Begin PBXFrameworksBuildPhase section */
		75DE08E81DBB9A0A000F4208 /* Frameworks */ = {
			isa = PBXFrameworksBuildPhase;
			buildActionMask = 2147483647;
			files = (
				8867595229D0C30D7BD6737D /* Pods_DeliveryProject.framework in Frameworks */,
			);
			runOnlyForDeploymentPostprocessing = 0;
		};
		75DE09011DBB9A0A000F4208 /* Frameworks */ = {
			isa = PBXFrameworksBuildPhase;
			buildActionMask = 2147483647;
			files = (
			);
			runOnlyForDeploymentPostprocessing = 0;
		};
		75DE090C1DBB9A0A000F4208 /* Frameworks */ = {
			isa = PBXFrameworksBuildPhase;
			buildActionMask = 2147483647;
			files = (
			);
			runOnlyForDeploymentPostprocessing = 0;
		};
/* End PBXFrameworksBuildPhase section */

/* Begin PBXGroup section */
		3D87A04698F649CF20EC7390 /* Frameworks */ = {
			isa = PBXGroup;
			children = (
				9DE7ECA1E74F23C4BB8F84DA /* Pods_DeliveryProject.framework */,
			);
			name = Frameworks;
			sourceTree = "<group>";
		};
		48EF58FFC3EEC167812C4CBE /* Pods */ = {
			isa = PBXGroup;
			children = (
				8508A6DB4AA9652A14EB4BCE /* Pods-DeliveryProject.debug.xcconfig */,
				ABFD48909C24B0E63428EA77 /* Pods-DeliveryProject.release.xcconfig */,
			);
			name = Pods;
			sourceTree = "<group>";
		};
		756C85941DBBA0160063B81F /* Model */ = {
			isa = PBXGroup;
			children = (
				756C85951DBBA0720063B81F /* DPUser.h */,
				756C85961DBBA0720063B81F /* DPUser.m */,
				75AA7A0F1DBDDB900029A3F6 /* DPPackage.h */,
				75AA7A101DBDDB900029A3F6 /* DPPackage.m */,
				75AA7A121DBDE1A60029A3F6 /* DPOrder.h */,
				75AA7A131DBDE1A60029A3F6 /* DPOrder.m */,
			);
			name = Model;
			sourceTree = "<group>";
		};
		756C85981DBBA1BF0063B81F /* Utils */ = {
			isa = PBXGroup;
			children = (
				75AA7A021DBCEE790029A3F6 /* Manager */,
				75FB1C441DBC477E00485854 /* Category */,
				756C85991DBBA1D30063B81F /* APIs */,
			);
			name = Utils;
			sourceTree = "<group>";
		};
		756C85991DBBA1D30063B81F /* APIs */ = {
			isa = PBXGroup;
			children = (
				75AA79D31DBC54660029A3F6 /* DPHttpSessionManager.h */,
				75AA79D41DBC54660029A3F6 /* DPHttpSessionManager.m */,
				75AA79E31DBC90410029A3F6 /* DPApiUrls.h */,
				75AA79E51DBC9BA60029A3F6 /* DPUserApi.h */,
				75AA79E61DBC9BA60029A3F6 /* DPUserApi.m */,
				75AA7A0C1DBDD20B0029A3F6 /* DPPackageApi.h */,
				75AA7A0D1DBDD20B0029A3F6 /* DPPackageApi.m */,
				75AA7A1B1DBDF9A40029A3F6 /* DPOrderApi.h */,
				75AA7A1C1DBDF9A40029A3F6 /* DPOrderApi.m */,
			);
			name = APIs;
			sourceTree = "<group>";
		};
		756C859D1DBBA3DD0063B81F /* UserLogin */ = {
			isa = PBXGroup;
			children = (
				756C859A1DBBA2550063B81F /* DPLoginController.h */,
				756C859B1DBBA2550063B81F /* DPLoginController.m */,
				75AA79EE1DBCC8B70029A3F6 /* DPRegisterController.h */,
				75AA79EF1DBCC8B70029A3F6 /* DPRegisterController.m */,
			);
			name = UserLogin;
			sourceTree = "<group>";
		};
		756C859E1DBBA4980063B81F /* Cell */ = {
			isa = PBXGroup;
			children = (
				756C859F1DBBA4D20063B81F /* DPLeftTitleRightTextFieldTableViewCell.h */,
				756C85A01DBBA4D20063B81F /* DPLeftTitleRightTextFieldTableViewCell.m */,
				75AA79FF1DBCD6970029A3F6 /* DPLeftTextFieldRightCustomButtonTableViewCell.h */,
				75AA7A001DBCD6970029A3F6 /* DPLeftTextFieldRightCustomButtonTableViewCell.m */,
				75AA7A181DBDE2A40029A3F6 /* DPShowPackageTableViewCell.h */,
				75AA7A191DBDE2A40029A3F6 /* DPShowPackageTableViewCell.m */,
				75AA7A1E1DBDFD850029A3F6 /* DPShowOrderTableViewCell.h */,
				75AA7A1F1DBDFD850029A3F6 /* DPShowOrderTableViewCell.m */,
			);
			name = Cell;
			sourceTree = "<group>";
		};
		75AA79E21DBC8EA80029A3F6 /* View */ = {
			isa = PBXGroup;
			children = (
				756C859E1DBBA4980063B81F /* Cell */,
				75AA79DF1DBC8E670029A3F6 /* DPActivityIndicatorView.h */,
				75AA79E01DBC8E670029A3F6 /* DPActivityIndicatorView.m */,
			);
			name = View;
			sourceTree = "<group>";
		};
		75AA79F71DBCC9B40029A3F6 /* Package */ = {
			isa = PBXGroup;
			children = (
				75AA79F81DBCC9CD0029A3F6 /* DPSearchPackageController.h */,
				75AA79F91DBCC9CD0029A3F6 /* DPSearchPackageController.m */,
				75AA7A151DBDE2630029A3F6 /* DPSearchPackageResultController.h */,
				75AA7A161DBDE2630029A3F6 /* DPSearchPackageResultController.m */,
				75AA7A211DBE05520029A3F6 /* DPShowOrderController.h */,
				75AA7A221DBE05520029A3F6 /* DPShowOrderController.m */,
				75AA7A241DBE0DF20029A3F6 /* DPShowOrderQRImageController.h */,
				75AA7A251DBE0DF20029A3F6 /* DPShowOrderQRImageController.m */,
			);
			name = Package;
			sourceTree = "<group>";
		};
		75AA79FE1DBCCABE0029A3F6 /* UserInfo */ = {
			isa = PBXGroup;
			children = (
				75AA79F41DBCC8E50029A3F6 /* DPUserInfoController.h */,
				75AA79F51DBCC8E50029A3F6 /* DPUserInfoController.m */,
			);
			name = UserInfo;
			sourceTree = "<group>";
		};
		75AA7A021DBCEE790029A3F6 /* Manager */ = {
			isa = PBXGroup;
			children = (
				75AA7A031DBCEE8D0029A3F6 /* DPUserManager.h */,
				75AA7A041DBCEE8D0029A3F6 /* DPUserManager.m */,
			);
			name = Manager;
			sourceTree = "<group>";
		};
		75DE08E21DBB9A0A000F4208 = {
			isa = PBXGroup;
			children = (
				75DE08ED1DBB9A0A000F4208 /* DeliveryProject */,
				75DE09071DBB9A0A000F4208 /* DeliveryProjectTests */,
				75DE09121DBB9A0A000F4208 /* DeliveryProjectUITests */,
				75DE08EC1DBB9A0A000F4208 /* Products */,
				48EF58FFC3EEC167812C4CBE /* Pods */,
				3D87A04698F649CF20EC7390 /* Frameworks */,
			);
			sourceTree = "<group>";
		};
		75DE08EC1DBB9A0A000F4208 /* Products */ = {
			isa = PBXGroup;
			children = (
				75DE08EB1DBB9A0A000F4208 /* DeliveryProject.app */,
				75DE09041DBB9A0A000F4208 /* DeliveryProjectTests.xctest */,
				75DE090F1DBB9A0A000F4208 /* DeliveryProjectUITests.xctest */,
			);
			name = Products;
			sourceTree = "<group>";
		};
		75DE08ED1DBB9A0A000F4208 /* DeliveryProject */ = {
			isa = PBXGroup;
			children = (
				75AA79E21DBC8EA80029A3F6 /* View */,
				756C85981DBBA1BF0063B81F /* Utils */,
				756C85941DBBA0160063B81F /* Model */,
				75DE09241DBB9F59000F4208 /* Controller */,
				75DE08F11DBB9A0A000F4208 /* AppDelegate.h */,
				75DE08F21DBB9A0A000F4208 /* AppDelegate.m */,
				75DE08FA1DBB9A0A000F4208 /* Assets.xcassets */,
				75DE08FF1DBB9A0A000F4208 /* Info.plist */,
				75DE08EE1DBB9A0A000F4208 /* Supporting Files */,
			);
			path = DeliveryProject;
			sourceTree = "<group>";
		};
		75DE08EE1DBB9A0A000F4208 /* Supporting Files */ = {
			isa = PBXGroup;
			children = (
				75DE08EF1DBB9A0A000F4208 /* main.m */,
			);
			name = "Supporting Files";
			sourceTree = "<group>";
		};
		75DE09071DBB9A0A000F4208 /* DeliveryProjectTests */ = {
			isa = PBXGroup;
			children = (
				75DE09081DBB9A0A000F4208 /* DeliveryProjectTests.m */,
				75DE090A1DBB9A0A000F4208 /* Info.plist */,
			);
			path = DeliveryProjectTests;
			sourceTree = "<group>";
		};
		75DE09121DBB9A0A000F4208 /* DeliveryProjectUITests */ = {
			isa = PBXGroup;
			children = (
				75DE09131DBB9A0A000F4208 /* DeliveryProjectUITests.m */,
				75DE09151DBB9A0A000F4208 /* Info.plist */,
			);
			path = DeliveryProjectUITests;
			sourceTree = "<group>";
		};
		75DE09241DBB9F59000F4208 /* Controller */ = {
			isa = PBXGroup;
			children = (
				75AA79FE1DBCCABE0029A3F6 /* UserInfo */,
				75AA79F71DBCC9B40029A3F6 /* Package */,
				756C859D1DBBA3DD0063B81F /* UserLogin */,
				75DE09211DBB9D0E000F4208 /* DPTabBarController.h */,
				75DE09221DBB9D0E000F4208 /* DPTabBarController.m */,
				75AA7A091DBD9D830029A3F6 /* DPSubwayPickerController.h */,
				75AA7A0A1DBD9D830029A3F6 /* DPSubwayPickerController.m */,
			);
			name = Controller;
			sourceTree = "<group>";
		};
		75FB1C441DBC477E00485854 /* Category */ = {
			isa = PBXGroup;
			children = (
				75AA79DC1DBC8E030029A3F6 /* UIWindow+MainWindow.h */,
				75AA79DD1DBC8E030029A3F6 /* UIWindow+MainWindow.m */,
				75FB1C451DBC478B00485854 /* UIColor+DPTheme.h */,
				75FB1C461DBC478B00485854 /* UIColor+DPTheme.m */,
				75FB1C471DBC478B00485854 /* UIFont+DPTheme.h */,
				75FB1C481DBC478B00485854 /* UIFont+DPTheme.m */,
				75AA79D91DBC8D550029A3F6 /* MBProgressHUD+DPProgressHUD.h */,
				75AA79DA1DBC8D550029A3F6 /* MBProgressHUD+DPProgressHUD.m */,
				75AA79E81DBCBAD60029A3F6 /* NSObject+DPTypeCheck.h */,
				75AA79E91DBCBAD60029A3F6 /* NSObject+DPTypeCheck.m */,
				75AA79EB1DBCBB840029A3F6 /* NSObject+DPOperation.h */,
				75AA79EC1DBCBB840029A3F6 /* NSObject+DPOperation.m */,
			);
			name = Category;
			sourceTree = "<group>";
		};
/* End PBXGroup section */

/* Begin PBXNativeTarget section */
		75DE08EA1DBB9A0A000F4208 /* DeliveryProject */ = {
			isa = PBXNativeTarget;
			buildConfigurationList = 75DE09181DBB9A0A000F4208 /* Build configuration list for PBXNativeTarget "DeliveryProject" */;
			buildPhases = (
				CDFFBCB020B9CD7C2D2243CF /* [CP] Check Pods Manifest.lock */,
				75DE08E71DBB9A0A000F4208 /* Sources */,
				75DE08E81DBB9A0A000F4208 /* Frameworks */,
				75DE08E91DBB9A0A000F4208 /* Resources */,
				97315D80AD464E36B46D9CBF /* [CP] Embed Pods Frameworks */,
				8126209294D5FCFACC1F1960 /* [CP] Copy Pods Resources */,
			);
			buildRules = (
			);
			dependencies = (
			);
			name = DeliveryProject;
			productName = DeliveryProject;
			productReference = 75DE08EB1DBB9A0A000F4208 /* DeliveryProject.app */;
			productType = "com.apple.product-type.application";
		};
		75DE09031DBB9A0A000F4208 /* DeliveryProjectTests */ = {
			isa = PBXNativeTarget;
			buildConfigurationList = 75DE091B1DBB9A0A000F4208 /* Build configuration list for PBXNativeTarget "DeliveryProjectTests" */;
			buildPhases = (
				75DE09001DBB9A0A000F4208 /* Sources */,
				75DE09011DBB9A0A000F4208 /* Frameworks */,
				75DE09021DBB9A0A000F4208 /* Resources */,
			);
			buildRules = (
			);
			dependencies = (
				75DE09061DBB9A0A000F4208 /* PBXTargetDependency */,
			);
			name = DeliveryProjectTests;
			productName = DeliveryProjectTests;
			productReference = 75DE09041DBB9A0A000F4208 /* DeliveryProjectTests.xctest */;
			productType = "com.apple.product-type.bundle.unit-test";
		};
		75DE090E1DBB9A0A000F4208 /* DeliveryProjectUITests */ = {
			isa = PBXNativeTarget;
			buildConfigurationList = 75DE091E1DBB9A0A000F4208 /* Build configuration list for PBXNativeTarget "DeliveryProjectUITests" */;
			buildPhases = (
				75DE090B1DBB9A0A000F4208 /* Sources */,
				75DE090C1DBB9A0A000F4208 /* Frameworks */,
				75DE090D1DBB9A0A000F4208 /* Resources */,
			);
			buildRules = (
			);
			dependencies = (
				75DE09111DBB9A0A000F4208 /* PBXTargetDependency */,
			);
			name = DeliveryProjectUITests;
			productName = DeliveryProjectUITests;
			productReference = 75DE090F1DBB9A0A000F4208 /* DeliveryProjectUITests.xctest */;
			productType = "com.apple.product-type.bundle.ui-testing";
		};
/* End PBXNativeTarget section */

/* Begin PBXProject section */
		75DE08E31DBB9A0A000F4208 /* Project object */ = {
			isa = PBXProject;
			attributes = {
				LastUpgradeCheck = 0800;
				ORGANIZATIONNAME = "罗向宇";
				TargetAttributes = {
					75DE08EA1DBB9A0A000F4208 = {
						CreatedOnToolsVersion = 8.0;
						DevelopmentTeam = LE7UV7A4JD;
						ProvisioningStyle = Automatic;
					};
					75DE09031DBB9A0A000F4208 = {
						CreatedOnToolsVersion = 8.0;
						DevelopmentTeam = LE7UV7A4JD;
						ProvisioningStyle = Automatic;
						TestTargetID = 75DE08EA1DBB9A0A000F4208;
					};
					75DE090E1DBB9A0A000F4208 = {
						CreatedOnToolsVersion = 8.0;
						DevelopmentTeam = LE7UV7A4JD;
						ProvisioningStyle = Automatic;
						TestTargetID = 75DE08EA1DBB9A0A000F4208;
					};
				};
			};
			buildConfigurationList = 75DE08E61DBB9A0A000F4208 /* Build configuration list for PBXProject "DeliveryProject" */;
			compatibilityVersion = "Xcode 3.2";
			developmentRegion = English;
			hasScannedForEncodings = 0;
			knownRegions = (
				en,
				Base,
			);
			mainGroup = 75DE08E21DBB9A0A000F4208;
			productRefGroup = 75DE08EC1DBB9A0A000F4208 /* Products */;
			projectDirPath = "";
			projectRoot = "";
			targets = (
				75DE08EA1DBB9A0A000F4208 /* DeliveryProject */,
				75DE09031DBB9A0A000F4208 /* DeliveryProjectTests */,
				75DE090E1DBB9A0A000F4208 /* DeliveryProjectUITests */,
			);
		};
/* End PBXProject section */

/* Begin PBXResourcesBuildPhase section */
		75DE08E91DBB9A0A000F4208 /* Resources */ = {
			isa = PBXResourcesBuildPhase;
			buildActionMask = 2147483647;
			files = (
				75DE08FB1DBB9A0A000F4208 /* Assets.xcassets in Resources */,
			);
			runOnlyForDeploymentPostprocessing = 0;
		};
		75DE09021DBB9A0A000F4208 /* Resources */ = {
			isa = PBXResourcesBuildPhase;
			buildActionMask = 2147483647;
			files = (
			);
			runOnlyForDeploymentPostprocessing = 0;
		};
		75DE090D1DBB9A0A000F4208 /* Resources */ = {
			isa = PBXResourcesBuildPhase;
			buildActionMask = 2147483647;
			files = (
			);
			runOnlyForDeploymentPostprocessing = 0;
		};
/* End PBXResourcesBuildPhase section */

/* Begin PBXShellScriptBuildPhase section */
		8126209294D5FCFACC1F1960 /* [CP] Copy Pods Resources */ = {
			isa = PBXShellScriptBuildPhase;
			buildActionMask = 2147483647;
			files = (
			);
			inputPaths = (
			);
			name = "[CP] Copy Pods Resources";
			outputPaths = (
			);
			runOnlyForDeploymentPostprocessing = 0;
			shellPath = /bin/sh;
			shellScript = "\"${SRCROOT}/Pods/Target Support Files/Pods-DeliveryProject/Pods-DeliveryProject-resources.sh\"\n";
			showEnvVarsInLog = 0;
		};
		97315D80AD464E36B46D9CBF /* [CP] Embed Pods Frameworks */ = {
			isa = PBXShellScriptBuildPhase;
			buildActionMask = 2147483647;
			files = (
			);
			inputPaths = (
			);
			name = "[CP] Embed Pods Frameworks";
			outputPaths = (
			);
			runOnlyForDeploymentPostprocessing = 0;
			shellPath = /bin/sh;
			shellScript = "\"${SRCROOT}/Pods/Target Support Files/Pods-DeliveryProject/Pods-DeliveryProject-frameworks.sh\"\n";
			showEnvVarsInLog = 0;
		};
		CDFFBCB020B9CD7C2D2243CF /* [CP] Check Pods Manifest.lock */ = {
			isa = PBXShellScriptBuildPhase;
			buildActionMask = 2147483647;
			files = (
			);
			inputPaths = (
			);
			name = "[CP] Check Pods Manifest.lock";
			outputPaths = (
			);
			runOnlyForDeploymentPostprocessing = 0;
			shellPath = /bin/sh;
			shellScript = "diff \"${PODS_ROOT}/../Podfile.lock\" \"${PODS_ROOT}/Manifest.lock\" > /dev/null\nif [[ $? != 0 ]] ; then\n    cat << EOM\nerror: The sandbox is not in sync with the Podfile.lock. Run 'pod install' or update your CocoaPods installation.\nEOM\n    exit 1\nfi\n";
			showEnvVarsInLog = 0;
		};
/* End PBXShellScriptBuildPhase section */

/* Begin PBXSourcesBuildPhase section */
		75DE08E71DBB9A0A000F4208 /* Sources */ = {
			isa = PBXSourcesBuildPhase;
			buildActionMask = 2147483647;
			files = (
				75AA7A051DBCEE8D0029A3F6 /* DPUserManager.m in Sources */,
				75AA7A231DBE05520029A3F6 /* DPShowOrderController.m in Sources */,
				756C859C1DBBA2550063B81F /* DPLoginController.m in Sources */,
				75AA79D51DBC54660029A3F6 /* DPHttpSessionManager.m in Sources */,
				75AA79E71DBC9BA60029A3F6 /* DPUserApi.m in Sources */,
				75AA79F61DBCC8E50029A3F6 /* DPUserInfoController.m in Sources */,
				75AA79E11DBC8E670029A3F6 /* DPActivityIndicatorView.m in Sources */,
				75DE08F31DBB9A0A000F4208 /* AppDelegate.m in Sources */,
				75AA7A261DBE0DF20029A3F6 /* DPShowOrderQRImageController.m in Sources */,
				75AA7A111DBDDB900029A3F6 /* DPPackage.m in Sources */,
				75AA79DE1DBC8E030029A3F6 /* UIWindow+MainWindow.m in Sources */,
				75AA79EA1DBCBAD60029A3F6 /* NSObject+DPTypeCheck.m in Sources */,
				75DE09231DBB9D0E000F4208 /* DPTabBarController.m in Sources */,
				756C85971DBBA0720063B81F /* DPUser.m in Sources */,
				75AA79F01DBCC8B70029A3F6 /* DPRegisterController.m in Sources */,
				75AA7A171DBDE2630029A3F6 /* DPSearchPackageResultController.m in Sources */,
				75AA7A1D1DBDF9A40029A3F6 /* DPOrderApi.m in Sources */,
				75AA79ED1DBCBB840029A3F6 /* NSObject+DPOperation.m in Sources */,
				75AA7A1A1DBDE2A40029A3F6 /* DPShowPackageTableViewCell.m in Sources */,
				75AA7A201DBDFD850029A3F6 /* DPShowOrderTableViewCell.m in Sources */,
				75AA79FA1DBCC9CD0029A3F6 /* DPSearchPackageController.m in Sources */,
				756C85A11DBBA4D20063B81F /* DPLeftTitleRightTextFieldTableViewCell.m in Sources */,
				75DE08F01DBB9A0A000F4208 /* main.m in Sources */,
				75FB1C4A1DBC478B00485854 /* UIFont+DPTheme.m in Sources */,
				75AA79DB1DBC8D550029A3F6 /* MBProgressHUD+DPProgressHUD.m in Sources */,
				75AA7A141DBDE1A60029A3F6 /* DPOrder.m in Sources */,
				75AA7A0E1DBDD20B0029A3F6 /* DPPackageApi.m in Sources */,
				75AA79E41DBC90410029A3F6 /* DPApiUrls.h in Sources */,
				75AA7A0B1DBD9D830029A3F6 /* DPSubwayPickerController.m in Sources */,
				75AA7A011DBCD6970029A3F6 /* DPLeftTextFieldRightCustomButtonTableViewCell.m in Sources */,
				75FB1C491DBC478B00485854 /* UIColor+DPTheme.m in Sources */,
			);
			runOnlyForDeploymentPostprocessing = 0;
		};
		75DE09001DBB9A0A000F4208 /* Sources */ = {
			isa = PBXSourcesBuildPhase;
			buildActionMask = 2147483647;
			files = (
				75DE09091DBB9A0A000F4208 /* DeliveryProjectTests.m in Sources */,
			);
			runOnlyForDeploymentPostprocessing = 0;
		};
		75DE090B1DBB9A0A000F4208 /* Sources */ = {
			isa = PBXSourcesBuildPhase;
			buildActionMask = 2147483647;
			files = (
				75DE09141DBB9A0A000F4208 /* DeliveryProjectUITests.m in Sources */,
			);
			runOnlyForDeploymentPostprocessing = 0;
		};
/* End PBXSourcesBuildPhase section */

/* Begin PBXTargetDependency section */
		75DE09061DBB9A0A000F4208 /* PBXTargetDependency */ = {
			isa = PBXTargetDependency;
			target = 75DE08EA1DBB9A0A000F4208 /* DeliveryProject */;
			targetProxy = 75DE09051DBB9A0A000F4208 /* PBXContainerItemProxy */;
		};
		75DE09111DBB9A0A000F4208 /* PBXTargetDependency */ = {
			isa = PBXTargetDependency;
			target = 75DE08EA1DBB9A0A000F4208 /* DeliveryProject */;
			targetProxy = 75DE09101DBB9A0A000F4208 /* PBXContainerItemProxy */;
		};
/* End PBXTargetDependency section */

/* Begin XCBuildConfiguration section */
		75DE09161DBB9A0A000F4208 /* Debug */ = {
			isa = XCBuildConfiguration;
			buildSettings = {
				ALWAYS_SEARCH_USER_PATHS = NO;
				CLANG_ANALYZER_NONNULL = YES;
				CLANG_CXX_LANGUAGE_STANDARD = "gnu++0x";
				CLANG_CXX_LIBRARY = "libc++";
				CLANG_ENABLE_MODULES = YES;
				CLANG_ENABLE_OBJC_ARC = YES;
				CLANG_WARN_BOOL_CONVERSION = YES;
				CLANG_WARN_CONSTANT_CONVERSION = YES;
				CLANG_WARN_DIRECT_OBJC_ISA_USAGE = YES_ERROR;
				CLANG_WARN_DOCUMENTATION_COMMENTS = YES;
				CLANG_WARN_EMPTY_BODY = YES;
				CLANG_WARN_ENUM_CONVERSION = YES;
				CLANG_WARN_INFINITE_RECURSION = YES;
				CLANG_WARN_INT_CONVERSION = YES;
				CLANG_WARN_OBJC_ROOT_CLASS = YES_ERROR;
				CLANG_WARN_SUSPICIOUS_MOVES = YES;
				CLANG_WARN_UNREACHABLE_CODE = YES;
				CLANG_WARN__DUPLICATE_METHOD_MATCH = YES;
				"CODE_SIGN_IDENTITY[sdk=iphoneos*]" = "iPhone Developer";
				COPY_PHASE_STRIP = NO;
				DEBUG_INFORMATION_FORMAT = dwarf;
				ENABLE_STRICT_OBJC_MSGSEND = YES;
				ENABLE_TESTABILITY = YES;
				GCC_C_LANGUAGE_STANDARD = gnu99;
				GCC_DYNAMIC_NO_PIC = NO;
				GCC_NO_COMMON_BLOCKS = YES;
				GCC_OPTIMIZATION_LEVEL = 0;
				GCC_PREPROCESSOR_DEFINITIONS = (
					"DEBUG=1",
					"$(inherited)",
				);
				GCC_WARN_64_TO_32_BIT_CONVERSION = YES;
				GCC_WARN_ABOUT_RETURN_TYPE = YES_ERROR;
				GCC_WARN_UNDECLARED_SELECTOR = YES;
				GCC_WARN_UNINITIALIZED_AUTOS = YES_AGGRESSIVE;
				GCC_WARN_UNUSED_FUNCTION = YES;
				GCC_WARN_UNUSED_VARIABLE = YES;
				IPHONEOS_DEPLOYMENT_TARGET = 10.0;
				MTL_ENABLE_DEBUG_INFO = YES;
				ONLY_ACTIVE_ARCH = YES;
				SDKROOT = iphoneos;
			};
			name = Debug;
		};
		75DE09171DBB9A0A000F4208 /* Release */ = {
			isa = XCBuildConfiguration;
			buildSettings = {
				ALWAYS_SEARCH_USER_PATHS = NO;
				CLANG_ANALYZER_NONNULL = YES;
				CLANG_CXX_LANGUAGE_STANDARD = "gnu++0x";
				CLANG_CXX_LIBRARY = "libc++";
				CLANG_ENABLE_MODULES = YES;
				CLANG_ENABLE_OBJC_ARC = YES;
				CLANG_WARN_BOOL_CONVERSION = YES;
				CLANG_WARN_CONSTANT_CONVERSION = YES;
				CLANG_WARN_DIRECT_OBJC_ISA_USAGE = YES_ERROR;
				CLANG_WARN_DOCUMENTATION_COMMENTS = YES;
				CLANG_WARN_EMPTY_BODY = YES;
				CLANG_WARN_ENUM_CONVERSION = YES;
				CLANG_WARN_INFINITE_RECURSION = YES;
				CLANG_WARN_INT_CONVERSION = YES;
				CLANG_WARN_OBJC_ROOT_CLASS = YES_ERROR;
				CLANG_WARN_SUSPICIOUS_MOVES = YES;
				CLANG_WARN_UNREACHABLE_CODE = YES;
				CLANG_WARN__DUPLICATE_METHOD_MATCH = YES;
				"CODE_SIGN_IDENTITY[sdk=iphoneos*]" = "iPhone Developer";
				COPY_PHASE_STRIP = NO;
				DEBUG_INFORMATION_FORMAT = "dwarf-with-dsym";
				ENABLE_NS_ASSERTIONS = NO;
				ENABLE_STRICT_OBJC_MSGSEND = YES;
				GCC_C_LANGUAGE_STANDARD = gnu99;
				GCC_NO_COMMON_BLOCKS = YES;
				GCC_WARN_64_TO_32_BIT_CONVERSION = YES;
				GCC_WARN_ABOUT_RETURN_TYPE = YES_ERROR;
				GCC_WARN_UNDECLARED_SELECTOR = YES;
				GCC_WARN_UNINITIALIZED_AUTOS = YES_AGGRESSIVE;
				GCC_WARN_UNUSED_FUNCTION = YES;
				GCC_WARN_UNUSED_VARIABLE = YES;
				IPHONEOS_DEPLOYMENT_TARGET = 10.0;
				MTL_ENABLE_DEBUG_INFO = NO;
				SDKROOT = iphoneos;
				VALIDATE_PRODUCT = YES;
			};
			name = Release;
		};
		75DE09191DBB9A0A000F4208 /* Debug */ = {
			isa = XCBuildConfiguration;
			baseConfigurationReference = 8508A6DB4AA9652A14EB4BCE /* Pods-DeliveryProject.debug.xcconfig */;
			buildSettings = {
				ASSETCATALOG_COMPILER_APPICON_NAME = AppIcon;
				DEVELOPMENT_TEAM = LE7UV7A4JD;
				INFOPLIST_FILE = DeliveryProject/Info.plist;
				IPHONEOS_DEPLOYMENT_TARGET = 8.0;
				LD_RUNPATH_SEARCH_PATHS = "$(inherited) @executable_path/Frameworks";
				PRODUCT_BUNDLE_IDENTIFIER = cn.edu.tongji.DeliveryProject;
				PRODUCT_NAME = "$(TARGET_NAME)";
			};
			name = Debug;
		};
		75DE091A1DBB9A0A000F4208 /* Release */ = {
			isa = XCBuildConfiguration;
			baseConfigurationReference = ABFD48909C24B0E63428EA77 /* Pods-DeliveryProject.release.xcconfig */;
			buildSettings = {
				ASSETCATALOG_COMPILER_APPICON_NAME = AppIcon;
				DEVELOPMENT_TEAM = LE7UV7A4JD;
				INFOPLIST_FILE = DeliveryProject/Info.plist;
				IPHONEOS_DEPLOYMENT_TARGET = 8.0;
				LD_RUNPATH_SEARCH_PATHS = "$(inherited) @executable_path/Frameworks";
				PRODUCT_BUNDLE_IDENTIFIER = cn.edu.tongji.DeliveryProject;
				PRODUCT_NAME = "$(TARGET_NAME)";
			};
			name = Release;
		};
		75DE091C1DBB9A0A000F4208 /* Debug */ = {
			isa = XCBuildConfiguration;
			buildSettings = {
				BUNDLE_LOADER = "$(TEST_HOST)";
				DEVELOPMENT_TEAM = LE7UV7A4JD;
				INFOPLIST_FILE = DeliveryProjectTests/Info.plist;
				IPHONEOS_DEPLOYMENT_TARGET = 8.0;
				LD_RUNPATH_SEARCH_PATHS = "$(inherited) @executable_path/Frameworks @loader_path/Frameworks";
				PRODUCT_BUNDLE_IDENTIFIER = cn.edu.tongji.DeliveryProjectTests;
				PRODUCT_NAME = "$(TARGET_NAME)";
				TEST_HOST = "$(BUILT_PRODUCTS_DIR)/DeliveryProject.app/DeliveryProject";
			};
			name = Debug;
		};
		75DE091D1DBB9A0A000F4208 /* Release */ = {
			isa = XCBuildConfiguration;
			buildSettings = {
				BUNDLE_LOADER = "$(TEST_HOST)";
				DEVELOPMENT_TEAM = LE7UV7A4JD;
				INFOPLIST_FILE = DeliveryProjectTests/Info.plist;
				IPHONEOS_DEPLOYMENT_TARGET = 8.0;
				LD_RUNPATH_SEARCH_PATHS = "$(inherited) @executable_path/Frameworks @loader_path/Frameworks";
				PRODUCT_BUNDLE_IDENTIFIER = cn.edu.tongji.DeliveryProjectTests;
				PRODUCT_NAME = "$(TARGET_NAME)";
				TEST_HOST = "$(BUILT_PRODUCTS_DIR)/DeliveryProject.app/DeliveryProject";
			};
			name = Release;
		};
		75DE091F1DBB9A0A000F4208 /* Debug */ = {
			isa = XCBuildConfiguration;
			buildSettings = {
				DEVELOPMENT_TEAM = LE7UV7A4JD;
				INFOPLIST_FILE = DeliveryProjectUITests/Info.plist;
				IPHONEOS_DEPLOYMENT_TARGET = 8.0;
				LD_RUNPATH_SEARCH_PATHS = "$(inherited) @executable_path/Frameworks @loader_path/Frameworks";
				PRODUCT_BUNDLE_IDENTIFIER = cn.edu.tongji.DeliveryProjectUITests;
				PRODUCT_NAME = "$(TARGET_NAME)";
				TEST_TARGET_NAME = DeliveryProject;
			};
			name = Debug;
		};
		75DE09201DBB9A0A000F4208 /* Release */ = {
			isa = XCBuildConfiguration;
			buildSettings = {
				DEVELOPMENT_TEAM = LE7UV7A4JD;
				INFOPLIST_FILE = DeliveryProjectUITests/Info.plist;
				IPHONEOS_DEPLOYMENT_TARGET = 8.0;
				LD_RUNPATH_SEARCH_PATHS = "$(inherited) @executable_path/Frameworks @loader_path/Frameworks";
				PRODUCT_BUNDLE_IDENTIFIER = cn.edu.tongji.DeliveryProjectUITests;
				PRODUCT_NAME = "$(TARGET_NAME)";
				TEST_TARGET_NAME = DeliveryProject;
			};
			name = Release;
		};
/* End XCBuildConfiguration section */

/* Begin XCConfigurationList section */
		75DE08E61DBB9A0A000F4208 /* Build configuration list for PBXProject "DeliveryProject" */ = {
			isa = XCConfigurationList;
			buildConfigurations = (
				75DE09161DBB9A0A000F4208 /* Debug */,
				75DE09171DBB9A0A000F4208 /* Release */,
			);
			defaultConfigurationIsVisible = 0;
			defaultConfigurationName = Release;
		};
		75DE09181DBB9A0A000F4208 /* Build configuration list for PBXNativeTarget "DeliveryProject" */ = {
			isa = XCConfigurationList;
			buildConfigurations = (
				75DE09191DBB9A0A000F4208 /* Debug */,
				75DE091A1DBB9A0A000F4208 /* Release */,
			);
			defaultConfigurationIsVisible = 0;
			defaultConfigurationName = Release;
		};
		75DE091B1DBB9A0A000F4208 /* Build configuration list for PBXNativeTarget "DeliveryProjectTests" */ = {
			isa = XCConfigurationList;
			buildConfigurations = (
				75DE091C1DBB9A0A000F4208 /* Debug */,
				75DE091D1DBB9A0A000F4208 /* Release */,
			);
			defaultConfigurationIsVisible = 0;
			defaultConfigurationName = Release;
		};
		75DE091E1DBB9A0A000F4208 /* Build configuration list for PBXNativeTarget "DeliveryProjectUITests" */ = {
			isa = XCConfigurationList;
			buildConfigurations = (
				75DE091F1DBB9A0A000F4208 /* Debug */,
				75DE09201DBB9A0A000F4208 /* Release */,
			);
			defaultConfigurationIsVisible = 0;
			defaultConfigurationName = Release;
		};
/* End XCConfigurationList section */
	};
	rootObject = 75DE08E31DBB9A0A000F4208 /* Project object */;
}
